
Microsoft Visual Studio Solution File, Format Version 12.00
# Visual Studio 2012
Project("{FAE04EC0-301F-11D3-BF4B-00C04F79EFBC}") = "freezing-tyrion", "freezing-tyrion\freezing-tyrion.csproj", "{E1473B5F-8433-400B-A8F1-F35E2CF70333}"
EndProject
Project("{FAE04EC0-301F-11D3-BF4B-00C04F79EFBC}") = "Tyrion.Models", "Tyrion.Models\Tyrion.Models.csproj", "{BE031D28-0E18-48D5-BC1E-BAF7EE93A140}"
EndProject
Project("{FAE04EC0-301F-11D3-BF4B-00C04F79EFBC}") = "Tyrion.Tests", "Tyrion.Tests\Tyrion.Tests.csproj", "{8182F2FD-88DD-497C-BC58-5AEF1EB72C67}"
EndProject
Project("{FAE04EC0-301F-11D3-BF4B-00C04F79EFBC}") = "Tyrion.Server", "Tyrion.Server\Tyrion.Server.csproj", "{399A9CB0-FE1C-4FCB-B6EE-CF298A171230}"
EndProject
<<<<<<< HEAD
Project("{FAE04EC0-301F-11D3-BF4B-00C04F79EFBC}") = "Tyrion.Server.Forms", "Tyrion.Server.Forms\Tyrion.Server.Forms.csproj", "{D02F2562-4875-45C1-A0EC-41FE7054491E}"
=======
Project("{FAE04EC0-301F-11D3-BF4B-00C04F79EFBC}") = "Tyrion.ServerServices", "Tyrion.Services\Tyrion.ServerServices.csproj", "{16532EC7-29FA-435B-8A44-A498692CF4C4}"
=======
<<<<<<< HEAD
Project("{FAE04EC0-301F-11D3-BF4B-00C04F79EFBC}") = "Tyrion.Server.Forms", "Tyrion.Server.Forms\Tyrion.Server.Forms.csproj", "{D02F2562-4875-45C1-A0EC-41FE7054491E}"
=======
Project("{FAE04EC0-301F-11D3-BF4B-00C04F79EFBC}") = "Tyrion.ServerServices", "Tyrion.Services\Tyrion.ServerServices.csproj", "{16532EC7-29FA-435B-8A44-A498692CF4C4}"
>>>>>>> master
>>>>>>> 7ff262619f4f9d68d2c265b2a6fd67fe7afe6546
EndProject
Global
	GlobalSection(SolutionConfigurationPlatforms) = preSolution
		Debug|Any CPU = Debug|Any CPU
		Release|Any CPU = Release|Any CPU
	EndGlobalSection
	GlobalSection(ProjectConfigurationPlatforms) = postSolution
		{E1473B5F-8433-400B-A8F1-F35E2CF70333}.Debug|Any CPU.ActiveCfg = Debug|Any CPU
		{E1473B5F-8433-400B-A8F1-F35E2CF70333}.Debug|Any CPU.Build.0 = Debug|Any CPU
		{E1473B5F-8433-400B-A8F1-F35E2CF70333}.Release|Any CPU.ActiveCfg = Release|Any CPU
		{E1473B5F-8433-400B-A8F1-F35E2CF70333}.Release|Any CPU.Build.0 = Release|Any CPU
		{BE031D28-0E18-48D5-BC1E-BAF7EE93A140}.Debug|Any CPU.ActiveCfg = Debug|Any CPU
		{BE031D28-0E18-48D5-BC1E-BAF7EE93A140}.Debug|Any CPU.Build.0 = Debug|Any CPU
		{BE031D28-0E18-48D5-BC1E-BAF7EE93A140}.Release|Any CPU.ActiveCfg = Release|Any CPU
		{BE031D28-0E18-48D5-BC1E-BAF7EE93A140}.Release|Any CPU.Build.0 = Release|Any CPU
		{8182F2FD-88DD-497C-BC58-5AEF1EB72C67}.Debug|Any CPU.ActiveCfg = Debug|Any CPU
		{8182F2FD-88DD-497C-BC58-5AEF1EB72C67}.Debug|Any CPU.Build.0 = Debug|Any CPU
		{8182F2FD-88DD-497C-BC58-5AEF1EB72C67}.Release|Any CPU.ActiveCfg = Release|Any CPU
		{8182F2FD-88DD-497C-BC58-5AEF1EB72C67}.Release|Any CPU.Build.0 = Release|Any CPU
		{399A9CB0-FE1C-4FCB-B6EE-CF298A171230}.Debug|Any CPU.ActiveCfg = Debug|Any CPU
		{399A9CB0-FE1C-4FCB-B6EE-CF298A171230}.Debug|Any CPU.Build.0 = Debug|Any CPU
		{399A9CB0-FE1C-4FCB-B6EE-CF298A171230}.Release|Any CPU.ActiveCfg = Release|Any CPU
		{399A9CB0-FE1C-4FCB-B6EE-CF298A171230}.Release|Any CPU.Build.0 = Release|Any CPU
<<<<<<< HEAD

=======
<<<<<<< HEAD
>>>>>>> 7ff262619f4f9d68d2c265b2a6fd67fe7afe6546
		{D02F2562-4875-45C1-A0EC-41FE7054491E}.Debug|Any CPU.ActiveCfg = Debug|Any CPU
		{D02F2562-4875-45C1-A0EC-41FE7054491E}.Debug|Any CPU.Build.0 = Debug|Any CPU
		{D02F2562-4875-45C1-A0EC-41FE7054491E}.Release|Any CPU.ActiveCfg = Release|Any CPU
		{D02F2562-4875-45C1-A0EC-41FE7054491E}.Release|Any CPU.Build.0 = Release|Any CPU

		{16532EC7-29FA-435B-8A44-A498692CF4C4}.Debug|Any CPU.ActiveCfg = Debug|Any CPU
		{16532EC7-29FA-435B-8A44-A498692CF4C4}.Debug|Any CPU.Build.0 = Debug|Any CPU
		{16532EC7-29FA-435B-8A44-A498692CF4C4}.Release|Any CPU.ActiveCfg = Release|Any CPU
		{16532EC7-29FA-435B-8A44-A498692CF4C4}.Release|Any CPU.Build.0 = Release|Any CPU
<<<<<<< HEAD

=======
>>>>>>> master
>>>>>>> 7ff262619f4f9d68d2c265b2a6fd67fe7afe6546
	EndGlobalSection
	GlobalSection(SolutionProperties) = preSolution
		HideSolutionNode = FALSE
	EndGlobalSection
EndGlobal
